
Microsoft Visual Studio Solution File, Format Version 12.00
# Visual Studio Version 17
VisualStudioVersion = 17.3.32929.385
MinimumVisualStudioVersion = 10.0.40219.1
Project("{FAE04EC0-301F-11D3-BF4B-00C04F79EFBC}") = "TreciaUzduotis", "TreciaUzduotis\TreciaUzduotis.csproj", "{AAEAC0E1-6595-4577-B514-8FA0C379FA5B}"
EndProject
Global
	GlobalSection(SolutionConfigurationPlatforms) = preSolution
		Debug|Any CPU = Debug|Any CPU
		Release|Any CPU = Release|Any CPU
	EndGlobalSection
	GlobalSection(ProjectConfigurationPlatforms) = postSolution
		{AAEAC0E1-6595-4577-B514-8FA0C379FA5B}.Debug|Any CPU.ActiveCfg = Debug|Any CPU
		{AAEAC0E1-6595-4577-B514-8FA0C379FA5B}.Debug|Any CPU.Build.0 = Debug|Any CPU
		{AAEAC0E1-6595-4577-B514-8FA0C379FA5B}.Release|Any CPU.ActiveCfg = Release|Any CPU
		{AAEAC0E1-6595-4577-B514-8FA0C379FA5B}.Release|Any CPU.Build.0 = Release|Any CPU
	EndGlobalSection
	GlobalSection(SolutionProperties) = preSolution
		HideSolutionNode = FALSE
	EndGlobalSection
	GlobalSection(ExtensibilityGlobals) = postSolution
		SolutionGuid = {5895C41C-46AD-4F8F-B0AD-C4AEC307C347}
	EndGlobalSection
EndGlobal
